
Microsoft Visual Studio Solution File, Format Version 11.00
# Visual Studio 2010
Project("{FAE04EC0-301F-11D3-BF4B-00C04F79EFBC}") = "PerfectNumber", "PerfectNumber\PerfectNumber.csproj", "{AAA1280B-8B46-48EC-B5F1-B74D84DA6C28}"
EndProject
Global
	GlobalSection(SolutionConfigurationPlatforms) = preSolution
		Debug|x86 = Debug|x86
		Release|x86 = Release|x86
	EndGlobalSection
	GlobalSection(ProjectConfigurationPlatforms) = postSolution
		{AAA1280B-8B46-48EC-B5F1-B74D84DA6C28}.Debug|x86.ActiveCfg = Debug|x86
		{AAA1280B-8B46-48EC-B5F1-B74D84DA6C28}.Debug|x86.Build.0 = Debug|x86
		{AAA1280B-8B46-48EC-B5F1-B74D84DA6C28}.Release|x86.ActiveCfg = Release|x86
		{AAA1280B-8B46-48EC-B5F1-B74D84DA6C28}.Release|x86.Build.0 = Release|x86
	EndGlobalSection
	GlobalSection(SolutionProperties) = preSolution
		HideSolutionNode = FALSE
	EndGlobalSection
EndGlobal
