
Microsoft Visual Studio Solution File, Format Version 11.00
# Visual Studio 2010
Project("{FAE04EC0-301F-11D3-BF4B-00C04F79EFBC}") = "page159tar13", "page159tar13\page159tar13.csproj", "{AFFC2586-5304-4289-8231-F33597D8E22F}"
EndProject
Global
	GlobalSection(SolutionConfigurationPlatforms) = preSolution
		Debug|x86 = Debug|x86
		Release|x86 = Release|x86
	EndGlobalSection
	GlobalSection(ProjectConfigurationPlatforms) = postSolution
		{AFFC2586-5304-4289-8231-F33597D8E22F}.Debug|x86.ActiveCfg = Debug|x86
		{AFFC2586-5304-4289-8231-F33597D8E22F}.Debug|x86.Build.0 = Debug|x86
		{AFFC2586-5304-4289-8231-F33597D8E22F}.Release|x86.ActiveCfg = Release|x86
		{AFFC2586-5304-4289-8231-F33597D8E22F}.Release|x86.Build.0 = Release|x86
	EndGlobalSection
	GlobalSection(SolutionProperties) = preSolution
		HideSolutionNode = FALSE
	EndGlobalSection
EndGlobal
