
Microsoft Visual Studio Solution File, Format Version 11.00
# Visual Studio 2010
Project("{FAE04EC0-301F-11D3-BF4B-00C04F79EFBC}") = "page128tar46", "page128tar46\page128tar46.csproj", "{EBE9E868-9054-402D-BF4B-7DA10E64F77B}"
EndProject
Global
	GlobalSection(SolutionConfigurationPlatforms) = preSolution
		Debug|x86 = Debug|x86
		Release|x86 = Release|x86
	EndGlobalSection
	GlobalSection(ProjectConfigurationPlatforms) = postSolution
		{EBE9E868-9054-402D-BF4B-7DA10E64F77B}.Debug|x86.ActiveCfg = Debug|x86
		{EBE9E868-9054-402D-BF4B-7DA10E64F77B}.Debug|x86.Build.0 = Debug|x86
		{EBE9E868-9054-402D-BF4B-7DA10E64F77B}.Release|x86.ActiveCfg = Release|x86
		{EBE9E868-9054-402D-BF4B-7DA10E64F77B}.Release|x86.Build.0 = Release|x86
	EndGlobalSection
	GlobalSection(SolutionProperties) = preSolution
		HideSolutionNode = FALSE
	EndGlobalSection
EndGlobal
