
Microsoft Visual Studio Solution File, Format Version 12.00
# Visual Studio 2013
VisualStudioVersion = 12.0.30723.0
MinimumVisualStudioVersion = 10.0.40219.1
Project("{FAE04EC0-301F-11D3-BF4B-00C04F79EFBC}") = "p20tar20", "p20tar20\p20tar20.csproj", "{59B81881-AE78-4270-8CE2-4C1D9AF1BFAF}"
EndProject
Global
	GlobalSection(SolutionConfigurationPlatforms) = preSolution
		Debug|Any CPU = Debug|Any CPU
		Release|Any CPU = Release|Any CPU
	EndGlobalSection
	GlobalSection(ProjectConfigurationPlatforms) = postSolution
		{59B81881-AE78-4270-8CE2-4C1D9AF1BFAF}.Debug|Any CPU.ActiveCfg = Debug|Any CPU
		{59B81881-AE78-4270-8CE2-4C1D9AF1BFAF}.Debug|Any CPU.Build.0 = Debug|Any CPU
		{59B81881-AE78-4270-8CE2-4C1D9AF1BFAF}.Release|Any CPU.ActiveCfg = Release|Any CPU
		{59B81881-AE78-4270-8CE2-4C1D9AF1BFAF}.Release|Any CPU.Build.0 = Release|Any CPU
	EndGlobalSection
	GlobalSection(SolutionProperties) = preSolution
		HideSolutionNode = FALSE
	EndGlobalSection
EndGlobal
