
Microsoft Visual Studio Solution File, Format Version 12.00
# Visual Studio 2013
VisualStudioVersion = 12.0.30723.0
MinimumVisualStudioVersion = 10.0.40219.1
Project("{FAE04EC0-301F-11D3-BF4B-00C04F79EFBC}") = "p15ex04", "p15ex04\p15ex04.csproj", "{DBBFF2F1-09D7-4A0B-B9A0-02E6267722DC}"
EndProject
Global
	GlobalSection(SolutionConfigurationPlatforms) = preSolution
		Debug|Any CPU = Debug|Any CPU
		Release|Any CPU = Release|Any CPU
	EndGlobalSection
	GlobalSection(ProjectConfigurationPlatforms) = postSolution
		{DBBFF2F1-09D7-4A0B-B9A0-02E6267722DC}.Debug|Any CPU.ActiveCfg = Debug|Any CPU
		{DBBFF2F1-09D7-4A0B-B9A0-02E6267722DC}.Debug|Any CPU.Build.0 = Debug|Any CPU
		{DBBFF2F1-09D7-4A0B-B9A0-02E6267722DC}.Release|Any CPU.ActiveCfg = Release|Any CPU
		{DBBFF2F1-09D7-4A0B-B9A0-02E6267722DC}.Release|Any CPU.Build.0 = Release|Any CPU
	EndGlobalSection
	GlobalSection(SolutionProperties) = preSolution
		HideSolutionNode = FALSE
	EndGlobalSection
EndGlobal
