
Microsoft Visual Studio Solution File, Format Version 11.00
# Visual Studio 2010
Project("{FAE04EC0-301F-11D3-BF4B-00C04F79EFBC}") = "page184tar25", "page184tar25\page184tar25.csproj", "{5A3A2DEA-C544-4A6B-9B92-867112C6BFAA}"
EndProject
Global
	GlobalSection(SolutionConfigurationPlatforms) = preSolution
		Debug|x86 = Debug|x86
		Release|x86 = Release|x86
	EndGlobalSection
	GlobalSection(ProjectConfigurationPlatforms) = postSolution
		{5A3A2DEA-C544-4A6B-9B92-867112C6BFAA}.Debug|x86.ActiveCfg = Debug|x86
		{5A3A2DEA-C544-4A6B-9B92-867112C6BFAA}.Debug|x86.Build.0 = Debug|x86
		{5A3A2DEA-C544-4A6B-9B92-867112C6BFAA}.Release|x86.ActiveCfg = Release|x86
		{5A3A2DEA-C544-4A6B-9B92-867112C6BFAA}.Release|x86.Build.0 = Release|x86
	EndGlobalSection
	GlobalSection(SolutionProperties) = preSolution
		HideSolutionNode = FALSE
	EndGlobalSection
EndGlobal
