
Microsoft Visual Studio Solution File, Format Version 11.00
# Visual Studio 2010
Project("{FAE04EC0-301F-11D3-BF4B-00C04F79EFBC}") = "page65ex03", "page65ex03\page65ex03.csproj", "{B9DA1385-E6AB-4D58-8C43-CD3B43CC4ACC}"
EndProject
Global
	GlobalSection(SolutionConfigurationPlatforms) = preSolution
		Debug|x86 = Debug|x86
		Release|x86 = Release|x86
	EndGlobalSection
	GlobalSection(ProjectConfigurationPlatforms) = postSolution
		{B9DA1385-E6AB-4D58-8C43-CD3B43CC4ACC}.Debug|x86.ActiveCfg = Debug|x86
		{B9DA1385-E6AB-4D58-8C43-CD3B43CC4ACC}.Debug|x86.Build.0 = Debug|x86
		{B9DA1385-E6AB-4D58-8C43-CD3B43CC4ACC}.Release|x86.ActiveCfg = Release|x86
		{B9DA1385-E6AB-4D58-8C43-CD3B43CC4ACC}.Release|x86.Build.0 = Release|x86
	EndGlobalSection
	GlobalSection(SolutionProperties) = preSolution
		HideSolutionNode = FALSE
	EndGlobalSection
EndGlobal
