
Microsoft Visual Studio Solution File, Format Version 11.00
# Visual Studio 2010
Project("{FAE04EC0-301F-11D3-BF4B-00C04F79EFBC}") = "page85ex05", "page85ex05\page85ex05.csproj", "{FF1BA326-D738-4EB0-BCB4-E6A0D6CBF420}"
EndProject
Global
	GlobalSection(SolutionConfigurationPlatforms) = preSolution
		Debug|x86 = Debug|x86
		Release|x86 = Release|x86
	EndGlobalSection
	GlobalSection(ProjectConfigurationPlatforms) = postSolution
		{FF1BA326-D738-4EB0-BCB4-E6A0D6CBF420}.Debug|x86.ActiveCfg = Debug|x86
		{FF1BA326-D738-4EB0-BCB4-E6A0D6CBF420}.Debug|x86.Build.0 = Debug|x86
		{FF1BA326-D738-4EB0-BCB4-E6A0D6CBF420}.Release|x86.ActiveCfg = Release|x86
		{FF1BA326-D738-4EB0-BCB4-E6A0D6CBF420}.Release|x86.Build.0 = Release|x86
	EndGlobalSection
	GlobalSection(SolutionProperties) = preSolution
		HideSolutionNode = FALSE
	EndGlobalSection
EndGlobal
