
Microsoft Visual Studio Solution File, Format Version 11.00
# Visual Studio 2010
Project("{FAE04EC0-301F-11D3-BF4B-00C04F79EFBC}") = "page132tar58", "page132tar58\page132tar58.csproj", "{4FF913B7-A322-4AC5-A504-93EAC18AD459}"
EndProject
Global
	GlobalSection(SolutionConfigurationPlatforms) = preSolution
		Debug|x86 = Debug|x86
		Release|x86 = Release|x86
	EndGlobalSection
	GlobalSection(ProjectConfigurationPlatforms) = postSolution
		{4FF913B7-A322-4AC5-A504-93EAC18AD459}.Debug|x86.ActiveCfg = Debug|x86
		{4FF913B7-A322-4AC5-A504-93EAC18AD459}.Debug|x86.Build.0 = Debug|x86
		{4FF913B7-A322-4AC5-A504-93EAC18AD459}.Release|x86.ActiveCfg = Release|x86
		{4FF913B7-A322-4AC5-A504-93EAC18AD459}.Release|x86.Build.0 = Release|x86
	EndGlobalSection
	GlobalSection(SolutionProperties) = preSolution
		HideSolutionNode = FALSE
	EndGlobalSection
EndGlobal
