
Microsoft Visual Studio Solution File, Format Version 11.00
# Visual Studio 2010
Project("{FAE04EC0-301F-11D3-BF4B-00C04F79EFBC}") = "page138ex01", "page138ex01\page138ex01.csproj", "{254A11D8-F7E9-4B46-8AF5-8D61E800F63F}"
EndProject
Global
	GlobalSection(SolutionConfigurationPlatforms) = preSolution
		Debug|x86 = Debug|x86
		Release|x86 = Release|x86
	EndGlobalSection
	GlobalSection(ProjectConfigurationPlatforms) = postSolution
		{254A11D8-F7E9-4B46-8AF5-8D61E800F63F}.Debug|x86.ActiveCfg = Debug|x86
		{254A11D8-F7E9-4B46-8AF5-8D61E800F63F}.Debug|x86.Build.0 = Debug|x86
		{254A11D8-F7E9-4B46-8AF5-8D61E800F63F}.Release|x86.ActiveCfg = Release|x86
		{254A11D8-F7E9-4B46-8AF5-8D61E800F63F}.Release|x86.Build.0 = Release|x86
	EndGlobalSection
	GlobalSection(SolutionProperties) = preSolution
		HideSolutionNode = FALSE
	EndGlobalSection
EndGlobal
