
Microsoft Visual Studio Solution File, Format Version 11.00
# Visual Studio 2010
Project("{FAE04EC0-301F-11D3-BF4B-00C04F79EFBC}") = "page140tar10", "page140tar10\page140tar10.csproj", "{AE1BF4C6-58DF-44E2-8134-9D3DCC99B510}"
EndProject
Global
	GlobalSection(SolutionConfigurationPlatforms) = preSolution
		Debug|x86 = Debug|x86
		Release|x86 = Release|x86
	EndGlobalSection
	GlobalSection(ProjectConfigurationPlatforms) = postSolution
		{AE1BF4C6-58DF-44E2-8134-9D3DCC99B510}.Debug|x86.ActiveCfg = Debug|x86
		{AE1BF4C6-58DF-44E2-8134-9D3DCC99B510}.Debug|x86.Build.0 = Debug|x86
		{AE1BF4C6-58DF-44E2-8134-9D3DCC99B510}.Release|x86.ActiveCfg = Release|x86
		{AE1BF4C6-58DF-44E2-8134-9D3DCC99B510}.Release|x86.Build.0 = Release|x86
	EndGlobalSection
	GlobalSection(SolutionProperties) = preSolution
		HideSolutionNode = FALSE
	EndGlobalSection
EndGlobal
