
Microsoft Visual Studio Solution File, Format Version 11.00
# Visual Studio 2010
Project("{FAE04EC0-301F-11D3-BF4B-00C04F79EFBC}") = "page155ex02", "page155ex02\page155ex02.csproj", "{80C79BBC-9B2C-4CF9-AE8E-70393828EBBB}"
EndProject
Global
	GlobalSection(SolutionConfigurationPlatforms) = preSolution
		Debug|x86 = Debug|x86
		Release|x86 = Release|x86
	EndGlobalSection
	GlobalSection(ProjectConfigurationPlatforms) = postSolution
		{80C79BBC-9B2C-4CF9-AE8E-70393828EBBB}.Debug|x86.ActiveCfg = Debug|x86
		{80C79BBC-9B2C-4CF9-AE8E-70393828EBBB}.Debug|x86.Build.0 = Debug|x86
		{80C79BBC-9B2C-4CF9-AE8E-70393828EBBB}.Release|x86.ActiveCfg = Release|x86
		{80C79BBC-9B2C-4CF9-AE8E-70393828EBBB}.Release|x86.Build.0 = Release|x86
	EndGlobalSection
	GlobalSection(SolutionProperties) = preSolution
		HideSolutionNode = FALSE
	EndGlobalSection
EndGlobal
