
Microsoft Visual Studio Solution File, Format Version 11.00
# Visual Studio 2010
Project("{FAE04EC0-301F-11D3-BF4B-00C04F79EFBC}") = "page146tar20", "page146tar20\page146tar20.csproj", "{26B63A8A-07CB-48C3-8188-0F5FA5B08D02}"
EndProject
Global
	GlobalSection(SolutionConfigurationPlatforms) = preSolution
		Debug|x86 = Debug|x86
		Release|x86 = Release|x86
	EndGlobalSection
	GlobalSection(ProjectConfigurationPlatforms) = postSolution
		{26B63A8A-07CB-48C3-8188-0F5FA5B08D02}.Debug|x86.ActiveCfg = Debug|x86
		{26B63A8A-07CB-48C3-8188-0F5FA5B08D02}.Debug|x86.Build.0 = Debug|x86
		{26B63A8A-07CB-48C3-8188-0F5FA5B08D02}.Release|x86.ActiveCfg = Release|x86
		{26B63A8A-07CB-48C3-8188-0F5FA5B08D02}.Release|x86.Build.0 = Release|x86
	EndGlobalSection
	GlobalSection(SolutionProperties) = preSolution
		HideSolutionNode = FALSE
	EndGlobalSection
EndGlobal
