
Microsoft Visual Studio Solution File, Format Version 12.00
# Visual Studio 2013
VisualStudioVersion = 12.0.30723.0
MinimumVisualStudioVersion = 10.0.40219.1
Project("{FAE04EC0-301F-11D3-BF4B-00C04F79EFBC}") = "p113tar22", "p113tar22\p113tar22.csproj", "{90D421D6-7022-41AB-A61D-FDDB70C8408B}"
EndProject
Global
	GlobalSection(SolutionConfigurationPlatforms) = preSolution
		Debug|Any CPU = Debug|Any CPU
		Release|Any CPU = Release|Any CPU
	EndGlobalSection
	GlobalSection(ProjectConfigurationPlatforms) = postSolution
		{90D421D6-7022-41AB-A61D-FDDB70C8408B}.Debug|Any CPU.ActiveCfg = Debug|Any CPU
		{90D421D6-7022-41AB-A61D-FDDB70C8408B}.Debug|Any CPU.Build.0 = Debug|Any CPU
		{90D421D6-7022-41AB-A61D-FDDB70C8408B}.Release|Any CPU.ActiveCfg = Release|Any CPU
		{90D421D6-7022-41AB-A61D-FDDB70C8408B}.Release|Any CPU.Build.0 = Release|Any CPU
	EndGlobalSection
	GlobalSection(SolutionProperties) = preSolution
		HideSolutionNode = FALSE
	EndGlobalSection
EndGlobal
